
Microsoft Visual Studio Solution File, Format Version 12.00
Project("{FAE04EC0-301F-11D3-BF4B-00C04F79EFBC}") = "CleanArchitecture.Core", "CleanArchitecture.Core\CleanArchitecture.Core.csproj", "{EB9605E0-097E-4F5F-886B-55AF073935DE}"
EndProject
Project("{FAE04EC0-301F-11D3-BF4B-00C04F79EFBC}") = "CleanArchitecture.Infrastructure", "CleanArchitecture.Infrastructure\CleanArchitecture.Infrastructure.csproj", "{85F98A54-0FA6-4A7F-84E3-39EEF9364499}"
EndProject
Project("{FAE04EC0-301F-11D3-BF4B-00C04F79EFBC}") = "CleanArchitecture.Application", "CleanArchitecture.Application\CleanArchitecture.Application.csproj", "{2AC9932F-3AD0-495D-A1E1-CF300BA43311}"
EndProject
Project("{FAE04EC0-301F-11D3-BF4B-00C04F79EFBC}") = "CleanArchitecture.API", "CleanArchitecture.API\CleanArchitecture.API.csproj", "{81ED2B89-1991-4A7E-B395-6996FF69638B}"
EndProject
Global
	GlobalSection(SolutionConfigurationPlatforms) = preSolution
		Debug|Any CPU = Debug|Any CPU
		Release|Any CPU = Release|Any CPU
	EndGlobalSection
	GlobalSection(ProjectConfigurationPlatforms) = postSolution
		{EB9605E0-097E-4F5F-886B-55AF073935DE}.Debug|Any CPU.ActiveCfg = Debug|Any CPU
		{EB9605E0-097E-4F5F-886B-55AF073935DE}.Debug|Any CPU.Build.0 = Debug|Any CPU
		{EB9605E0-097E-4F5F-886B-55AF073935DE}.Release|Any CPU.ActiveCfg = Release|Any CPU
		{EB9605E0-097E-4F5F-886B-55AF073935DE}.Release|Any CPU.Build.0 = Release|Any CPU
		{85F98A54-0FA6-4A7F-84E3-39EEF9364499}.Debug|Any CPU.ActiveCfg = Debug|Any CPU
		{85F98A54-0FA6-4A7F-84E3-39EEF9364499}.Debug|Any CPU.Build.0 = Debug|Any CPU
		{85F98A54-0FA6-4A7F-84E3-39EEF9364499}.Release|Any CPU.ActiveCfg = Release|Any CPU
		{85F98A54-0FA6-4A7F-84E3-39EEF9364499}.Release|Any CPU.Build.0 = Release|Any CPU
		{2AC9932F-3AD0-495D-A1E1-CF300BA43311}.Debug|Any CPU.ActiveCfg = Debug|Any CPU
		{2AC9932F-3AD0-495D-A1E1-CF300BA43311}.Debug|Any CPU.Build.0 = Debug|Any CPU
		{2AC9932F-3AD0-495D-A1E1-CF300BA43311}.Release|Any CPU.ActiveCfg = Release|Any CPU
		{2AC9932F-3AD0-495D-A1E1-CF300BA43311}.Release|Any CPU.Build.0 = Release|Any CPU
		{81ED2B89-1991-4A7E-B395-6996FF69638B}.Debug|Any CPU.ActiveCfg = Debug|Any CPU
		{81ED2B89-1991-4A7E-B395-6996FF69638B}.Debug|Any CPU.Build.0 = Debug|Any CPU
		{81ED2B89-1991-4A7E-B395-6996FF69638B}.Release|Any CPU.ActiveCfg = Release|Any CPU
		{81ED2B89-1991-4A7E-B395-6996FF69638B}.Release|Any CPU.Build.0 = Release|Any CPU
	EndGlobalSection
EndGlobal
